{
  "name": "bible",
  "version": "1.0.0",
  "lockfileVersion": 2,
  "requires": true,
  "packages": {
    "": {
      "name": "bible",
      "version": "1.0.0",
      "devDependencies": {
        "@tauri-apps/cli": "1.1.0"
      }
    },
    "node_modules/@tauri-apps/cli": {
      "version": "1.1.0",
      "resolved": "https://registry.npmjs.org/@tauri-apps/cli/-/cli-1.1.0.tgz",
      "integrity": "sha512-Ch1Xw+irX5uKmMLMekwicPhi0LJlHakemQNtxm5hfJWRwS9oLp8Lm82zyiS1pqQwhstBQf4snTjYJgJbG7TIlw==",
      "dev": true,
      "bin": {
        "tauri": "tauri.js"
      },
      "engines": {
        "node": ">= 10"
      },
      "funding": {
        "type": "opencollective",
        "url": "https://opencollective.com/tauri"
      },
      "optionalDependencies": {
        "@tauri-apps/cli-darwin-arm64": "1.1.0",
        "@tauri-apps/cli-darwin-x64": "1.1.0",
        "@tauri-apps/cli-linux-arm-gnueabihf": "1.1.0",
        "@tauri-apps/cli-linux-arm64-gnu": "1.1.0",
        "@tauri-apps/cli-linux-arm64-musl": "1.1.0",
        "@tauri-apps/cli-linux-x64-gnu": "1.1.0",
        "@tauri-apps/cli-linux-x64-musl": "1.1.0",
        "@tauri-apps/cli-win32-ia32-msvc": "1.1.0",
        "@tauri-apps/cli-win32-x64-msvc": "1.1.0"
      }
    },
    "node_modules/@tauri-apps/cli-darwin-arm64": {
      "version": "1.1.0",
      "resolved": "https://registry.npmjs.org/@tauri-apps/cli-darwin-arm64/-/cli-darwin-arm64-1.1.0.tgz",
      "integrity": "sha512-wz5mxvhMqjjP3WaBu7+X3hbIV8Gi6NMUpMzONkT38IEPxaRBQYCLEjDjYZhjMiEQUJ8O38XfODA5RmfRZcLUXw==",
      "cpu": [
        "arm64"
      ],
      "dev": true,
      "optional": true,
      "os": [
        "darwin"
      ],
      "engines": {
        "node": ">= 10"
      }
    },
    "node_modules/@tauri-apps/cli-darwin-x64": {
      "version": "1.1.0",
      "resolved": "https://registry.npmjs.org/@tauri-apps/cli-darwin-x64/-/cli-darwin-x64-1.1.0.tgz",
      "integrity": "sha512-ntF+YVSIlGqlDCzHrH4KJPRVBcK4wtFlrHSwGBX8is8GU2S8T1DuAbkUoohS8CuOWb4hMIS5tRzqRxzJ7YxkxQ==",
      "cpu": [
        "x64"
      ],
      "dev": true,
      "optional": true,
      "os": [
        "darwin"
      ],
      "engines": {
        "node": ">= 10"
      }
    },
    "node_modules/@tauri-apps/cli-linux-arm-gnueabihf": {
      "version": "1.1.0",
      "resolved": "https://registry.npmjs.org/@tauri-apps/cli-linux-arm-gnueabihf/-/cli-linux-arm-gnueabihf-1.1.0.tgz",
      "integrity": "sha512-zlcjgPS3b5JYD9f6bsXa1684K2Y5nfV66F3V812S5TSxWYPui+TxTaOoOqzXA2RjRh/tXQK22785D9UJvGOUrw==",
      "cpu": [
        "arm"
      ],
      "dev": true,
      "optional": true,
      "os": [
        "linux"
      ],
      "engines": {
        "node": ">= 10"
      }
    },
    "node_modules/@tauri-apps/cli-linux-arm64-gnu": {
      "version": "1.1.0",
      "resolved": "https://registry.npmjs.org/@tauri-apps/cli-linux-arm64-gnu/-/cli-linux-arm64-gnu-1.1.0.tgz",
      "integrity": "sha512-eLZEFEyUUjg3ndTtrjZJv82aM8lFtwLZBj2is8NAU1Gy4893AsGVHPknW/xtqLLcdJz4J3oulUxmzr4omGKMOg==",
      "cpu": [
        "arm64"
      ],
      "dev": true,
      "optional": true,
      "os": [
        "linux"
      ],
      "engines": {
        "node": ">= 10"
      }
    },
    "node_modules/@tauri-apps/cli-linux-arm64-musl": {
      "version": "1.1.0",
      "resolved": "https://registry.npmjs.org/@tauri-apps/cli-linux-arm64-musl/-/cli-linux-arm64-musl-1.1.0.tgz",
      "integrity": "sha512-l/pOKd2GFlspaSw/OgvimItcAiJ0tNZnq6k5WtIYhsBcpuItoiza97X14z63rzqt9dUxuwYXRuYMf9HfXDI6WA==",
      "cpu": [
        "arm64"
      ],
      "dev": true,
      "optional": true,
      "os": [
        "linux"
      ],
      "engines": {
        "node": ">= 10"
      }
    },
    "node_modules/@tauri-apps/cli-linux-x64-gnu": {
      "version": "1.1.0",
      "resolved": "https://registry.npmjs.org/@tauri-apps/cli-linux-x64-gnu/-/cli-linux-x64-gnu-1.1.0.tgz",
      "integrity": "sha512-5SpDYP38vsoyqU5SHdNz3SRYnd/fOkdfVu4fP2/vJhXz1E/BpKx4Eq1A+848nmILrkqU1TMGfhN2yQ0pzzjq6g==",
      "cpu": [
        "x64"
      ],
      "dev": true,
      "optional": true,
      "os": [
        "linux"
      ],
      "engines": {
        "node": ">= 10"
      }
    },
    "node_modules/@tauri-apps/cli-linux-x64-musl": {
      "version": "1.1.0",
      "resolved": "https://registry.npmjs.org/@tauri-apps/cli-linux-x64-musl/-/cli-linux-x64-musl-1.1.0.tgz",
      "integrity": "sha512-b+8oybo9QhEIGJkI/N6ws+Fe3an65zCJeliPzUqQSksmArBjsOXhtMPxtwe0qbEqclUUHSuvyua8c2fjng20+Q==",
      "cpu": [
        "x64"
      ],
      "dev": true,
      "optional": true,
      "os": [
        "linux"
      ],
      "engines": {
        "node": ">= 10"
      }
    },
    "node_modules/@tauri-apps/cli-win32-ia32-msvc": {
      "version": "1.1.0",
      "resolved": "https://registry.npmjs.org/@tauri-apps/cli-win32-ia32-msvc/-/cli-win32-ia32-msvc-1.1.0.tgz",
      "integrity": "sha512-b0XKn0Fdaw+iRLUbLtx8VpRnujdA1qPPcT30pB59USeirQTszYze+CKuHQ/Q5Y28ymKUZXkXI65vYqeNPn8akw==",
      "cpu": [
        "ia32"
      ],
      "dev": true,
      "optional": true,
      "os": [
        "win32"
      ],
      "engines": {
        "node": ">= 10"
      }
    },
    "node_modules/@tauri-apps/cli-win32-x64-msvc": {
      "version": "1.1.0",
      "resolved": "https://registry.npmjs.org/@tauri-apps/cli-win32-x64-msvc/-/cli-win32-x64-msvc-1.1.0.tgz",
      "integrity": "sha512-M/ZeA4rrSFohq9nS9FxdSZXrXdFtZCiCwZBGdgdd8/j32eAMb5IfRzCMmBcKRfJIpNshibtMXR/m3smPD+sQ5w==",
      "cpu": [
        "x64"
      ],
      "dev": true,
      "optional": true,
      "os": [
        "win32"
      ],
      "engines": {
        "node": ">= 10"
      }
    }
  },
  "dependencies": {
    "@tauri-apps/cli": {
      "version": "1.1.0",
      "resolved": "https://registry.npmjs.org/@tauri-apps/cli/-/cli-1.1.0.tgz",
      "integrity": "sha512-Ch1Xw+irX5uKmMLMekwicPhi0LJlHakemQNtxm5hfJWRwS9oLp8Lm82zyiS1pqQwhstBQf4snTjYJgJbG7TIlw==",
      "dev": true,
      "requires": {
        "@tauri-apps/cli-darwin-arm64": "1.1.0",
        "@tauri-apps/cli-darwin-x64": "1.1.0",
        "@tauri-apps/cli-linux-arm-gnueabihf": "1.1.0",
        "@tauri-apps/cli-linux-arm64-gnu": "1.1.0",
        "@tauri-apps/cli-linux-arm64-musl": "1.1.0",
        "@tauri-apps/cli-linux-x64-gnu": "1.1.0",
        "@tauri-apps/cli-linux-x64-musl": "1.1.0",
        "@tauri-apps/cli-win32-ia32-msvc": "1.1.0",
        "@tauri-apps/cli-win32-x64-msvc": "1.1.0"
      }
    },
    "@tauri-apps/cli-darwin-arm64": {
      "version": "1.1.0",
      "resolved": "https://registry.npmjs.org/@tauri-apps/cli-darwin-arm64/-/cli-darwin-arm64-1.1.0.tgz",
      "integrity": "sha512-wz5mxvhMqjjP3WaBu7+X3hbIV8Gi6NMUpMzONkT38IEPxaRBQYCLEjDjYZhjMiEQUJ8O38XfODA5RmfRZcLUXw==",
      "dev": true,
      "optional": true
    },
    "@tauri-apps/cli-darwin-x64": {
      "version": "1.1.0",
      "resolved": "https://registry.npmjs.org/@tauri-apps/cli-darwin-x64/-/cli-darwin-x64-1.1.0.tgz",
      "integrity": "sha512-ntF+YVSIlGqlDCzHrH4KJPRVBcK4wtFlrHSwGBX8is8GU2S8T1DuAbkUoohS8CuOWb4hMIS5tRzqRxzJ7YxkxQ==",
      "dev": true,
      "optional": true
    },
    "@tauri-apps/cli-linux-arm-gnueabihf": {
      "version": "1.1.0",
      "resolved": "https://registry.npmjs.org/@tauri-apps/cli-linux-arm-gnueabihf/-/cli-linux-arm-gnueabihf-1.1.0.tgz",
      "integrity": "sha512-zlcjgPS3b5JYD9f6bsXa1684K2Y5nfV66F3V812S5TSxWYPui+TxTaOoOqzXA2RjRh/tXQK22785D9UJvGOUrw==",
      "dev": true,
      "optional": true
    },
    "@tauri-apps/cli-linux-arm64-gnu": {
      "version": "1.1.0",
      "resolved": "https://registry.npmjs.org/@tauri-apps/cli-linux-arm64-gnu/-/cli-linux-arm64-gnu-1.1.0.tgz",
      "integrity": "sha512-eLZEFEyUUjg3ndTtrjZJv82aM8lFtwLZBj2is8NAU1Gy4893AsGVHPknW/xtqLLcdJz4J3oulUxmzr4omGKMOg==",
      "dev": true,
      "optional": true
    },
    "@tauri-apps/cli-linux-arm64-musl": {
      "version": "1.1.0",
      "resolved": "https://registry.npmjs.org/@tauri-apps/cli-linux-arm64-musl/-/cli-linux-arm64-musl-1.1.0.tgz",
      "integrity": "sha512-l/pOKd2GFlspaSw/OgvimItcAiJ0tNZnq6k5WtIYhsBcpuItoiza97X14z63rzqt9dUxuwYXRuYMf9HfXDI6WA==",
      "dev": true,
      "optional": true
    },
    "@tauri-apps/cli-linux-x64-gnu": {
      "version": "1.1.0",
      "resolved": "https://registry.npmjs.org/@tauri-apps/cli-linux-x64-gnu/-/cli-linux-x64-gnu-1.1.0.tgz",
      "integrity": "sha512-5SpDYP38vsoyqU5SHdNz3SRYnd/fOkdfVu4fP2/vJhXz1E/BpKx4Eq1A+848nmILrkqU1TMGfhN2yQ0pzzjq6g==",
      "dev": true,
      "optional": true
    },
    "@tauri-apps/cli-linux-x64-musl": {
      "version": "1.1.0",
      "resolved": "https://registry.npmjs.org/@tauri-apps/cli-linux-x64-musl/-/cli-linux-x64-musl-1.1.0.tgz",
      "integrity": "sha512-b+8oybo9QhEIGJkI/N6ws+Fe3an65zCJeliPzUqQSksmArBjsOXhtMPxtwe0qbEqclUUHSuvyua8c2fjng20+Q==",
      "dev": true,
      "optional": true
    },
    "@tauri-apps/cli-win32-ia32-msvc": {
      "version": "1.1.0",
      "resolved": "https://registry.npmjs.org/@tauri-apps/cli-win32-ia32-msvc/-/cli-win32-ia32-msvc-1.1.0.tgz",
      "integrity": "sha512-b0XKn0Fdaw+iRLUbLtx8VpRnujdA1qPPcT30pB59USeirQTszYze+CKuHQ/Q5Y28ymKUZXkXI65vYqeNPn8akw==",
      "dev": true,
      "optional": true
    },
    "@tauri-apps/cli-win32-x64-msvc": {
      "version": "1.1.0",
      "resolved": "https://registry.npmjs.org/@tauri-apps/cli-win32-x64-msvc/-/cli-win32-x64-msvc-1.1.0.tgz",
      "integrity": "sha512-M/ZeA4rrSFohq9nS9FxdSZXrXdFtZCiCwZBGdgdd8/j32eAMb5IfRzCMmBcKRfJIpNshibtMXR/m3smPD+sQ5w==",
      "dev": true,
      "optional": true
    }
  }
}
